# This file is automatically @generated by Cargo.
# It is not intended for manual editing.
version = 4

[[package]]
name = "dylos-agent"
version = "0.1.0"

[[package]]
name = "dylos-cli"
version = "0.1.0"

[[package]]
name = "dylos-core"
version = "0.1.0"

[[package]]
name = "dylos-fc"
version = "0.1.0"

[[package]]
name = "dylos-net"
version = "0.1.0"

[[package]]
name = "dylos-runtime"
version = "0.1.0"

[[package]]
name = "dylos-store"
version = "0.1.0"

[[package]]
name = "xtask"
version = "0.1.0"
